
Microsoft Visual Studio Solution File, Format Version 12.00
# Visual Studio Version 17
VisualStudioVersion = 17.1.32414.318
MinimumVisualStudioVersion = 10.0.40219.1
Project("{FAE04EC0-301F-11D3-BF4B-00C04F79EFBC}") = "ChessRules", "ChessRules\ChessRules.csproj", "{E71A46CA-7BD3-4DA6-969B-A4101E40AF51}"
EndProject
Project("{FAE04EC0-301F-11D3-BF4B-00C04F79EFBC}") = "ChessAPI", "ChessAPI\ChessAPI.csproj", "{C18F32F9-4761-4164-8738-7F3FFC313432}"
EndProject
Project("{FAE04EC0-301F-11D3-BF4B-00C04F79EFBC}") = "ChessClientDll", "ChessClient\ChessClientDll.csproj", "{4EF0F6C3-AB04-4BD2-959A-C17E3E06C8F0}"
EndProject
Project("{FAE04EC0-301F-11D3-BF4B-00C04F79EFBC}") = "ChessClientConsole", "ChessClientConsole\ChessClientConsole.csproj", "{0784C5E4-5846-48F8-A136-5F2F8EA64A96}"
EndProject
Project("{FAE04EC0-301F-11D3-BF4B-00C04F79EFBC}") = "ChessClientWinForms", "ChessClientWinForms\ChessClientWinForms.csproj", "{46FCDE99-27FC-4299-9646-90E8C4D51BA4}"
EndProject
Project("{FAE04EC0-301F-11D3-BF4B-00C04F79EFBC}") = "TestConsoleChess", "ConsoleChess\TestConsoleChess.csproj", "{1F28FB11-D822-4BF4-9488-A96706DB1752}"
EndProject
Project("{FAE04EC0-301F-11D3-BF4B-00C04F79EFBC}") = "ChessClientUnity", "ChessClientUnity\ChessClientUnity.csproj", "{501BD3FF-7F48-2366-810A-1677FF50E37F}"
EndProject
Global
	GlobalSection(SolutionConfigurationPlatforms) = preSolution
		Debug|Any CPU = Debug|Any CPU
		Release|Any CPU = Release|Any CPU
	EndGlobalSection
	GlobalSection(ProjectConfigurationPlatforms) = postSolution
		{E71A46CA-7BD3-4DA6-969B-A4101E40AF51}.Debug|Any CPU.ActiveCfg = Debug|Any CPU
		{E71A46CA-7BD3-4DA6-969B-A4101E40AF51}.Debug|Any CPU.Build.0 = Debug|Any CPU
		{E71A46CA-7BD3-4DA6-969B-A4101E40AF51}.Release|Any CPU.ActiveCfg = Release|Any CPU
		{E71A46CA-7BD3-4DA6-969B-A4101E40AF51}.Release|Any CPU.Build.0 = Release|Any CPU
		{C18F32F9-4761-4164-8738-7F3FFC313432}.Debug|Any CPU.ActiveCfg = Debug|Any CPU
		{C18F32F9-4761-4164-8738-7F3FFC313432}.Debug|Any CPU.Build.0 = Debug|Any CPU
		{C18F32F9-4761-4164-8738-7F3FFC313432}.Release|Any CPU.ActiveCfg = Release|Any CPU
		{C18F32F9-4761-4164-8738-7F3FFC313432}.Release|Any CPU.Build.0 = Release|Any CPU
		{4EF0F6C3-AB04-4BD2-959A-C17E3E06C8F0}.Debug|Any CPU.ActiveCfg = Debug|Any CPU
		{4EF0F6C3-AB04-4BD2-959A-C17E3E06C8F0}.Debug|Any CPU.Build.0 = Debug|Any CPU
		{4EF0F6C3-AB04-4BD2-959A-C17E3E06C8F0}.Release|Any CPU.ActiveCfg = Release|Any CPU
		{4EF0F6C3-AB04-4BD2-959A-C17E3E06C8F0}.Release|Any CPU.Build.0 = Release|Any CPU
		{0784C5E4-5846-48F8-A136-5F2F8EA64A96}.Debug|Any CPU.ActiveCfg = Debug|Any CPU
		{0784C5E4-5846-48F8-A136-5F2F8EA64A96}.Debug|Any CPU.Build.0 = Debug|Any CPU
		{0784C5E4-5846-48F8-A136-5F2F8EA64A96}.Release|Any CPU.ActiveCfg = Release|Any CPU
		{0784C5E4-5846-48F8-A136-5F2F8EA64A96}.Release|Any CPU.Build.0 = Release|Any CPU
		{46FCDE99-27FC-4299-9646-90E8C4D51BA4}.Debug|Any CPU.ActiveCfg = Debug|Any CPU
		{46FCDE99-27FC-4299-9646-90E8C4D51BA4}.Debug|Any CPU.Build.0 = Debug|Any CPU
		{46FCDE99-27FC-4299-9646-90E8C4D51BA4}.Release|Any CPU.ActiveCfg = Release|Any CPU
		{46FCDE99-27FC-4299-9646-90E8C4D51BA4}.Release|Any CPU.Build.0 = Release|Any CPU
		{1F28FB11-D822-4BF4-9488-A96706DB1752}.Debug|Any CPU.ActiveCfg = Debug|Any CPU
		{1F28FB11-D822-4BF4-9488-A96706DB1752}.Debug|Any CPU.Build.0 = Debug|Any CPU
		{1F28FB11-D822-4BF4-9488-A96706DB1752}.Release|Any CPU.ActiveCfg = Release|Any CPU
		{1F28FB11-D822-4BF4-9488-A96706DB1752}.Release|Any CPU.Build.0 = Release|Any CPU
		{501BD3FF-7F48-2366-810A-1677FF50E37F}.Debug|Any CPU.ActiveCfg = Debug|Any CPU
		{501BD3FF-7F48-2366-810A-1677FF50E37F}.Debug|Any CPU.Build.0 = Debug|Any CPU
		{501BD3FF-7F48-2366-810A-1677FF50E37F}.Release|Any CPU.ActiveCfg = Release|Any CPU
		{501BD3FF-7F48-2366-810A-1677FF50E37F}.Release|Any CPU.Build.0 = Release|Any CPU
	EndGlobalSection
	GlobalSection(SolutionProperties) = preSolution
		HideSolutionNode = FALSE
	EndGlobalSection
	GlobalSection(ExtensibilityGlobals) = postSolution
		SolutionGuid = {990D52C8-21E0-4908-9468-CEF546F9356D}
	EndGlobalSection
EndGlobal
